
Microsoft Visual Studio Solution File, Format Version 12.00
# Visual Studio Version 18
VisualStudioVersion = 18.3.11408.92
MinimumVisualStudioVersion = 10.0.40219.1
Project("{2150E333-8FDC-42A3-9474-1A3956D46DE8}") = "Tests", "Tests", "{98E0ACAE-2E7B-4018-8633-8DDFF7282294}"
EndProject
Project("{FAE04EC0-301F-11D3-BF4B-00C04F79EFBC}") = "StudentCourseManagement.API", "src\StudentCourseManagement.API\StudentCourseManagement.API.csproj", "{9E7492BC-F26C-AC8F-2E69-5EBBFC599926}"
EndProject
Project("{FAE04EC0-301F-11D3-BF4B-00C04F79EFBC}") = "StudentCourseManagement.Business", "src\StudentCourseManagement.Business\StudentCourseManagement.Business.csproj", "{9D0BBF2E-CD29-1A0B-741C-0413E2C8CFE7}"
EndProject
Project("{FAE04EC0-301F-11D3-BF4B-00C04F79EFBC}") = "StudentCourseManagement.Data", "src\StudentCourseManagement.Data\StudentCourseManagement.Data.csproj", "{A1F773B7-6284-4FD6-C5C3-F3261EBAA473}"
EndProject
Project("{FAE04EC0-301F-11D3-BF4B-00C04F79EFBC}") = "StudentCourseManagement.Domain", "src\StudentCourseManagement.Domain\StudentCourseManagement.Domain.csproj", "{76F9D03D-1E59-4946-2BF4-3938C3D4950B}"
EndProject
Project("{FAE04EC0-301F-11D3-BF4B-00C04F79EFBC}") = "StudentCourseManagement.Tests.Unit", "tests\StudentCourseManagement.Tests.Unit\StudentCourseManagement.Tests.Unit.csproj", "{FE2D012D-409D-5299-A61C-08182B87F466}"
EndProject
Project("{FAE04EC0-301F-11D3-BF4B-00C04F79EFBC}") = "StudentCourseManagement.Tests.Integration", "tests\StudentCourseManagement.Tests.Integration\StudentCourseManagement.Tests.Integration.csproj", "{C21B6211-6C5B-CF45-A277-469AD3922B0C}"
EndProject
Project("{2150E333-8FDC-42A3-9474-1A3956D46DE8}") = "src", "src", "{5A4F6F75-82B0-46E3-9872-B01D31AF7E3E}"
EndProject
Project("{FAE04EC0-301F-11D3-BF4B-00C04F79EFBC}") = "StudentCourseManagement.Tests.Common", "tests\StudentCourseManagement.Tests.Common\StudentCourseManagement.Tests.Common.csproj", "{CD6E0ECA-A4E1-462B-8EA6-FE05A05A187D}"
EndProject
Project("{FAE04EC0-301F-11D3-BF4B-00C04F79EFBC}") = "StudentCourseManagement.Tests.Api", "tests\StudentCourseManagement.Tests.Api\StudentCourseManagement.Tests.Api.csproj", "{AFF9AEA6-A84D-416F-985D-BC01D477A6A0}"
EndProject
Global
	GlobalSection(SolutionConfigurationPlatforms) = preSolution
		Debug|Any CPU = Debug|Any CPU
		Debug|x64 = Debug|x64
		Debug|x86 = Debug|x86
		Release|Any CPU = Release|Any CPU
		Release|x64 = Release|x64
		Release|x86 = Release|x86
	EndGlobalSection
	GlobalSection(ProjectConfigurationPlatforms) = postSolution
		{9E7492BC-F26C-AC8F-2E69-5EBBFC599926}.Debug|Any CPU.ActiveCfg = Debug|Any CPU
		{9E7492BC-F26C-AC8F-2E69-5EBBFC599926}.Debug|Any CPU.Build.0 = Debug|Any CPU
		{9E7492BC-F26C-AC8F-2E69-5EBBFC599926}.Debug|x64.ActiveCfg = Debug|Any CPU
		{9E7492BC-F26C-AC8F-2E69-5EBBFC599926}.Debug|x64.Build.0 = Debug|Any CPU
		{9E7492BC-F26C-AC8F-2E69-5EBBFC599926}.Debug|x86.ActiveCfg = Debug|Any CPU
		{9E7492BC-F26C-AC8F-2E69-5EBBFC599926}.Debug|x86.Build.0 = Debug|Any CPU
		{9E7492BC-F26C-AC8F-2E69-5EBBFC599926}.Release|Any CPU.ActiveCfg = Release|Any CPU
		{9E7492BC-F26C-AC8F-2E69-5EBBFC599926}.Release|Any CPU.Build.0 = Release|Any CPU
		{9E7492BC-F26C-AC8F-2E69-5EBBFC599926}.Release|x64.ActiveCfg = Release|Any CPU
		{9E7492BC-F26C-AC8F-2E69-5EBBFC599926}.Release|x64.Build.0 = Release|Any CPU
		{9E7492BC-F26C-AC8F-2E69-5EBBFC599926}.Release|x86.ActiveCfg = Release|Any CPU
		{9E7492BC-F26C-AC8F-2E69-5EBBFC599926}.Release|x86.Build.0 = Release|Any CPU
		{9D0BBF2E-CD29-1A0B-741C-0413E2C8CFE7}.Debug|Any CPU.ActiveCfg = Debug|Any CPU
		{9D0BBF2E-CD29-1A0B-741C-0413E2C8CFE7}.Debug|Any CPU.Build.0 = Debug|Any CPU
		{9D0BBF2E-CD29-1A0B-741C-0413E2C8CFE7}.Debug|x64.ActiveCfg = Debug|Any CPU
		{9D0BBF2E-CD29-1A0B-741C-0413E2C8CFE7}.Debug|x64.Build.0 = Debug|Any CPU
		{9D0BBF2E-CD29-1A0B-741C-0413E2C8CFE7}.Debug|x86.ActiveCfg = Debug|Any CPU
		{9D0BBF2E-CD29-1A0B-741C-0413E2C8CFE7}.Debug|x86.Build.0 = Debug|Any CPU
		{9D0BBF2E-CD29-1A0B-741C-0413E2C8CFE7}.Release|Any CPU.ActiveCfg = Release|Any CPU
		{9D0BBF2E-CD29-1A0B-741C-0413E2C8CFE7}.Release|Any CPU.Build.0 = Release|Any CPU
		{9D0BBF2E-CD29-1A0B-741C-0413E2C8CFE7}.Release|x64.ActiveCfg = Release|Any CPU
		{9D0BBF2E-CD29-1A0B-741C-0413E2C8CFE7}.Release|x64.Build.0 = Release|Any CPU
		{9D0BBF2E-CD29-1A0B-741C-0413E2C8CFE7}.Release|x86.ActiveCfg = Release|Any CPU
		{9D0BBF2E-CD29-1A0B-741C-0413E2C8CFE7}.Release|x86.Build.0 = Release|Any CPU
		{A1F773B7-6284-4FD6-C5C3-F3261EBAA473}.Debug|Any CPU.ActiveCfg = Debug|Any CPU
		{A1F773B7-6284-4FD6-C5C3-F3261EBAA473}.Debug|Any CPU.Build.0 = Debug|Any CPU
		{A1F773B7-6284-4FD6-C5C3-F3261EBAA473}.Debug|x64.ActiveCfg = Debug|Any CPU
		{A1F773B7-6284-4FD6-C5C3-F3261EBAA473}.Debug|x64.Build.0 = Debug|Any CPU
		{A1F773B7-6284-4FD6-C5C3-F3261EBAA473}.Debug|x86.ActiveCfg = Debug|Any CPU
		{A1F773B7-6284-4FD6-C5C3-F3261EBAA473}.Debug|x86.Build.0 = Debug|Any CPU
		{A1F773B7-6284-4FD6-C5C3-F3261EBAA473}.Release|Any CPU.ActiveCfg = Release|Any CPU
		{A1F773B7-6284-4FD6-C5C3-F3261EBAA473}.Release|Any CPU.Build.0 = Release|Any CPU
		{A1F773B7-6284-4FD6-C5C3-F3261EBAA473}.Release|x64.ActiveCfg = Release|Any CPU
		{A1F773B7-6284-4FD6-C5C3-F3261EBAA473}.Release|x64.Build.0 = Release|Any CPU
		{A1F773B7-6284-4FD6-C5C3-F3261EBAA473}.Release|x86.ActiveCfg = Release|Any CPU
		{A1F773B7-6284-4FD6-C5C3-F3261EBAA473}.Release|x86.Build.0 = Release|Any CPU
		{76F9D03D-1E59-4946-2BF4-3938C3D4950B}.Debug|Any CPU.ActiveCfg = Debug|Any CPU
		{76F9D03D-1E59-4946-2BF4-3938C3D4950B}.Debug|Any CPU.Build.0 = Debug|Any CPU
		{76F9D03D-1E59-4946-2BF4-3938C3D4950B}.Debug|x64.ActiveCfg = Debug|Any CPU
		{76F9D03D-1E59-4946-2BF4-3938C3D4950B}.Debug|x64.Build.0 = Debug|Any CPU
		{76F9D03D-1E59-4946-2BF4-3938C3D4950B}.Debug|x86.ActiveCfg = Debug|Any CPU
		{76F9D03D-1E59-4946-2BF4-3938C3D4950B}.Debug|x86.Build.0 = Debug|Any CPU
		{76F9D03D-1E59-4946-2BF4-3938C3D4950B}.Release|Any CPU.ActiveCfg = Release|Any CPU
		{76F9D03D-1E59-4946-2BF4-3938C3D4950B}.Release|Any CPU.Build.0 = Release|Any CPU
		{76F9D03D-1E59-4946-2BF4-3938C3D4950B}.Release|x64.ActiveCfg = Release|Any CPU
		{76F9D03D-1E59-4946-2BF4-3938C3D4950B}.Release|x64.Build.0 = Release|Any CPU
		{76F9D03D-1E59-4946-2BF4-3938C3D4950B}.Release|x86.ActiveCfg = Release|Any CPU
		{76F9D03D-1E59-4946-2BF4-3938C3D4950B}.Release|x86.Build.0 = Release|Any CPU
		{FE2D012D-409D-5299-A61C-08182B87F466}.Debug|Any CPU.ActiveCfg = Debug|Any CPU
		{FE2D012D-409D-5299-A61C-08182B87F466}.Debug|Any CPU.Build.0 = Debug|Any CPU
		{FE2D012D-409D-5299-A61C-08182B87F466}.Debug|x64.ActiveCfg = Debug|Any CPU
		{FE2D012D-409D-5299-A61C-08182B87F466}.Debug|x64.Build.0 = Debug|Any CPU
		{FE2D012D-409D-5299-A61C-08182B87F466}.Debug|x86.ActiveCfg = Debug|Any CPU
		{FE2D012D-409D-5299-A61C-08182B87F466}.Debug|x86.Build.0 = Debug|Any CPU
		{FE2D012D-409D-5299-A61C-08182B87F466}.Release|Any CPU.ActiveCfg = Release|Any CPU
		{FE2D012D-409D-5299-A61C-08182B87F466}.Release|Any CPU.Build.0 = Release|Any CPU
		{FE2D012D-409D-5299-A61C-08182B87F466}.Release|x64.ActiveCfg = Release|Any CPU
		{FE2D012D-409D-5299-A61C-08182B87F466}.Release|x64.Build.0 = Release|Any CPU
		{FE2D012D-409D-5299-A61C-08182B87F466}.Release|x86.ActiveCfg = Release|Any CPU
		{FE2D012D-409D-5299-A61C-08182B87F466}.Release|x86.Build.0 = Release|Any CPU
		{C21B6211-6C5B-CF45-A277-469AD3922B0C}.Debug|Any CPU.ActiveCfg = Debug|Any CPU
		{C21B6211-6C5B-CF45-A277-469AD3922B0C}.Debug|Any CPU.Build.0 = Debug|Any CPU
		{C21B6211-6C5B-CF45-A277-469AD3922B0C}.Debug|x64.ActiveCfg = Debug|Any CPU
		{C21B6211-6C5B-CF45-A277-469AD3922B0C}.Debug|x64.Build.0 = Debug|Any CPU
		{C21B6211-6C5B-CF45-A277-469AD3922B0C}.Debug|x86.ActiveCfg = Debug|Any CPU
		{C21B6211-6C5B-CF45-A277-469AD3922B0C}.Debug|x86.Build.0 = Debug|Any CPU
		{C21B6211-6C5B-CF45-A277-469AD3922B0C}.Release|Any CPU.ActiveCfg = Release|Any CPU
		{C21B6211-6C5B-CF45-A277-469AD3922B0C}.Release|Any CPU.Build.0 = Release|Any CPU
		{C21B6211-6C5B-CF45-A277-469AD3922B0C}.Release|x64.ActiveCfg = Release|Any CPU
		{C21B6211-6C5B-CF45-A277-469AD3922B0C}.Release|x64.Build.0 = Release|Any CPU
		{C21B6211-6C5B-CF45-A277-469AD3922B0C}.Release|x86.ActiveCfg = Release|Any CPU
		{C21B6211-6C5B-CF45-A277-469AD3922B0C}.Release|x86.Build.0 = Release|Any CPU
		{CD6E0ECA-A4E1-462B-8EA6-FE05A05A187D}.Debug|Any CPU.ActiveCfg = Debug|Any CPU
		{CD6E0ECA-A4E1-462B-8EA6-FE05A05A187D}.Debug|Any CPU.Build.0 = Debug|Any CPU
		{CD6E0ECA-A4E1-462B-8EA6-FE05A05A187D}.Debug|x64.ActiveCfg = Debug|Any CPU
		{CD6E0ECA-A4E1-462B-8EA6-FE05A05A187D}.Debug|x64.Build.0 = Debug|Any CPU
		{CD6E0ECA-A4E1-462B-8EA6-FE05A05A187D}.Debug|x86.ActiveCfg = Debug|Any CPU
		{CD6E0ECA-A4E1-462B-8EA6-FE05A05A187D}.Debug|x86.Build.0 = Debug|Any CPU
		{CD6E0ECA-A4E1-462B-8EA6-FE05A05A187D}.Release|Any CPU.ActiveCfg = Release|Any CPU
		{CD6E0ECA-A4E1-462B-8EA6-FE05A05A187D}.Release|Any CPU.Build.0 = Release|Any CPU
		{CD6E0ECA-A4E1-462B-8EA6-FE05A05A187D}.Release|x64.ActiveCfg = Release|Any CPU
		{CD6E0ECA-A4E1-462B-8EA6-FE05A05A187D}.Release|x64.Build.0 = Release|Any CPU
		{CD6E0ECA-A4E1-462B-8EA6-FE05A05A187D}.Release|x86.ActiveCfg = Release|Any CPU
		{CD6E0ECA-A4E1-462B-8EA6-FE05A05A187D}.Release|x86.Build.0 = Release|Any CPU
		{AFF9AEA6-A84D-416F-985D-BC01D477A6A0}.Debug|Any CPU.ActiveCfg = Debug|Any CPU
		{AFF9AEA6-A84D-416F-985D-BC01D477A6A0}.Debug|Any CPU.Build.0 = Debug|Any CPU
		{AFF9AEA6-A84D-416F-985D-BC01D477A6A0}.Debug|x64.ActiveCfg = Debug|Any CPU
		{AFF9AEA6-A84D-416F-985D-BC01D477A6A0}.Debug|x64.Build.0 = Debug|Any CPU
		{AFF9AEA6-A84D-416F-985D-BC01D477A6A0}.Debug|x86.ActiveCfg = Debug|Any CPU
		{AFF9AEA6-A84D-416F-985D-BC01D477A6A0}.Debug|x86.Build.0 = Debug|Any CPU
		{AFF9AEA6-A84D-416F-985D-BC01D477A6A0}.Release|Any CPU.ActiveCfg = Release|Any CPU
		{AFF9AEA6-A84D-416F-985D-BC01D477A6A0}.Release|Any CPU.Build.0 = Release|Any CPU
		{AFF9AEA6-A84D-416F-985D-BC01D477A6A0}.Release|x64.ActiveCfg = Release|Any CPU
		{AFF9AEA6-A84D-416F-985D-BC01D477A6A0}.Release|x64.Build.0 = Release|Any CPU
		{AFF9AEA6-A84D-416F-985D-BC01D477A6A0}.Release|x86.ActiveCfg = Release|Any CPU
		{AFF9AEA6-A84D-416F-985D-BC01D477A6A0}.Release|x86.Build.0 = Release|Any CPU
	EndGlobalSection
	GlobalSection(SolutionProperties) = preSolution
		HideSolutionNode = FALSE
	EndGlobalSection
	GlobalSection(NestedProjects) = preSolution
		{9E7492BC-F26C-AC8F-2E69-5EBBFC599926} = {5A4F6F75-82B0-46E3-9872-B01D31AF7E3E}
		{9D0BBF2E-CD29-1A0B-741C-0413E2C8CFE7} = {5A4F6F75-82B0-46E3-9872-B01D31AF7E3E}
		{A1F773B7-6284-4FD6-C5C3-F3261EBAA473} = {5A4F6F75-82B0-46E3-9872-B01D31AF7E3E}
		{76F9D03D-1E59-4946-2BF4-3938C3D4950B} = {5A4F6F75-82B0-46E3-9872-B01D31AF7E3E}
		{FE2D012D-409D-5299-A61C-08182B87F466} = {98E0ACAE-2E7B-4018-8633-8DDFF7282294}
		{C21B6211-6C5B-CF45-A277-469AD3922B0C} = {98E0ACAE-2E7B-4018-8633-8DDFF7282294}
		{CD6E0ECA-A4E1-462B-8EA6-FE05A05A187D} = {98E0ACAE-2E7B-4018-8633-8DDFF7282294}
		{AFF9AEA6-A84D-416F-985D-BC01D477A6A0} = {98E0ACAE-2E7B-4018-8633-8DDFF7282294}
	EndGlobalSection
	GlobalSection(ExtensibilityGlobals) = postSolution
		SolutionGuid = {05822C99-E3F2-41F3-8ED2-DF7A6FFBF602}
	EndGlobalSection
EndGlobal
